
Microsoft Visual Studio Solution File, Format Version 12.00
# Visual Studio Version 17
VisualStudioVersion = 17.10.35122.118
MinimumVisualStudioVersion = 10.0.40219.1
Project("{FAE04EC0-301F-11D3-BF4B-00C04F79EFBC}") = "Sistema_Cadastro", "Sistema_Cadastro.csproj", "{6248A362-2427-4C17-B5A6-7421E054A154}"
EndProject
Global
	GlobalSection(SolutionConfigurationPlatforms) = preSolution
		Debug|Any CPU = Debug|Any CPU
		Release|Any CPU = Release|Any CPU
	EndGlobalSection
	GlobalSection(ProjectConfigurationPlatforms) = postSolution
		{6248A362-2427-4C17-B5A6-7421E054A154}.Debug|Any CPU.ActiveCfg = Debug|Any CPU
		{6248A362-2427-4C17-B5A6-7421E054A154}.Debug|Any CPU.Build.0 = Debug|Any CPU
		{6248A362-2427-4C17-B5A6-7421E054A154}.Release|Any CPU.ActiveCfg = Release|Any CPU
		{6248A362-2427-4C17-B5A6-7421E054A154}.Release|Any CPU.Build.0 = Release|Any CPU
	EndGlobalSection
	GlobalSection(SolutionProperties) = preSolution
		HideSolutionNode = FALSE
	EndGlobalSection
	GlobalSection(ExtensibilityGlobals) = postSolution
		SolutionGuid = {E960FC20-5DFE-441E-BF89-56DFA356D689}
	EndGlobalSection
EndGlobal
